// !$*UTF8*$!
{
	archiveVersion = 1;
	classes = {
	};
	objectVersion = 46;
	objects = {

/* Begin PBXBuildFile section */
		A082AD2319BAAA6300F6C835 /* AppDelegate.swift in Sources */ = {isa = PBXBuildFile; fileRef = A082AD2219BAAA6300F6C835 /* AppDelegate.swift */; };
		A082AD2519BAAA6300F6C835 /* ViewController.swift in Sources */ = {isa = PBXBuildFile; fileRef = A082AD2419BAAA6300F6C835 /* ViewController.swift */; };
		A082AD2819BAAA6300F6C835 /* Main.storyboard in Resources */ = {isa = PBXBuildFile; fileRef = A082AD2619BAAA6300F6C835 /* Main.storyboard */; };
		A082AD2A19BAAA6300F6C835 /* Images.xcassets in Resources */ = {isa = PBXBuildFile; fileRef = A082AD2919BAAA6300F6C835 /* Images.xcassets */; };
		A082AD3619BAAA6300F6C835 /* mhacksTests.swift in Sources */ = {isa = PBXBuildFile; fileRef = A082AD3519BAAA6300F6C835 /* mhacksTests.swift */; };
		A082AD4019BAAA9400F6C835 /* AudioToolbox.framework in Frameworks */ = {isa = PBXBuildFile; fileRef = A082AD3F19BAAA9400F6C835 /* AudioToolbox.framework */; };
		A082AD4219BAAAAD00F6C835 /* CFNetwork.framework in Frameworks */ = {isa = PBXBuildFile; fileRef = A082AD4119BAAAAD00F6C835 /* CFNetwork.framework */; };
		A082AD4419BAAAB600F6C835 /* CoreGraphics.framework in Frameworks */ = {isa = PBXBuildFile; fileRef = A082AD4319BAAAB600F6C835 /* CoreGraphics.framework */; };
		A082AD4619BAAAD500F6C835 /* CoreLocation.framework in Frameworks */ = {isa = PBXBuildFile; fileRef = A082AD4519BAAAD500F6C835 /* CoreLocation.framework */; };
		A082AD4819BAAAE100F6C835 /* libz.dylib in Frameworks */ = {isa = PBXBuildFile; fileRef = A082AD4719BAAAE100F6C835 /* libz.dylib */; };
		A082AD4A19BAAAEC00F6C835 /* MobileCoreServices.framework in Frameworks */ = {isa = PBXBuildFile; fileRef = A082AD4919BAAAEC00F6C835 /* MobileCoreServices.framework */; };
		A082AD4C19BAAAF500F6C835 /* QuartzCore.framework in Frameworks */ = {isa = PBXBuildFile; fileRef = A082AD4B19BAAAF500F6C835 /* QuartzCore.framework */; };
		A082AD4E19BAAAFE00F6C835 /* Security.framework in Frameworks */ = {isa = PBXBuildFile; fileRef = A082AD4D19BAAAFE00F6C835 /* Security.framework */; };
		A082AD5019BAAB0900F6C835 /* StoreKit.framework in Frameworks */ = {isa = PBXBuildFile; fileRef = A082AD4F19BAAB0900F6C835 /* StoreKit.framework */; };
		A082AD5219BAAB1300F6C835 /* SystemConfiguration.framework in Frameworks */ = {isa = PBXBuildFile; fileRef = A082AD5119BAAB1300F6C835 /* SystemConfiguration.framework */; };
		A082AD5619BAAB8C00F6C835 /* ParseFacebookUtils.framework in Frameworks */ = {isa = PBXBuildFile; fileRef = A082AD5319BAAB8C00F6C835 /* ParseFacebookUtils.framework */; };
		A082AD5719BAAB8C00F6C835 /* Parse.framework in Frameworks */ = {isa = PBXBuildFile; fileRef = A082AD5419BAAB8C00F6C835 /* Parse.framework */; };
		A082AD5819BAAB8C00F6C835 /* Bolts.framework in Frameworks */ = {isa = PBXBuildFile; fileRef = A082AD5519BAAB8C00F6C835 /* Bolts.framework */; };
/* End PBXBuildFile section */

/* Begin PBXContainerItemProxy section */
		A082AD3019BAAA6300F6C835 /* PBXContainerItemProxy */ = {
			isa = PBXContainerItemProxy;
			containerPortal = A082AD1519BAAA6200F6C835 /* Project object */;
			proxyType = 1;
			remoteGlobalIDString = A082AD1C19BAAA6300F6C835;
			remoteInfo = mhacks;
		};
/* End PBXContainerItemProxy section */

/* Begin PBXFileReference section */
		A082AD1D19BAAA6300F6C835 /* mhacks.app */ = {isa = PBXFileReference; explicitFileType = wrapper.application; includeInIndex = 0; path = mhacks.app; sourceTree = BUILT_PRODUCTS_DIR; };
		A082AD2119BAAA6300F6C835 /* Info.plist */ = {isa = PBXFileReference; lastKnownFileType = text.plist.xml; path = Info.plist; sourceTree = "<group>"; };
		A082AD2219BAAA6300F6C835 /* AppDelegate.swift */ = {isa = PBXFileReference; lastKnownFileType = sourcecode.swift; path = AppDelegate.swift; sourceTree = "<group>"; };
		A082AD2419BAAA6300F6C835 /* ViewController.swift */ = {isa = PBXFileReference; lastKnownFileType = sourcecode.swift; path = ViewController.swift; sourceTree = "<group>"; };
		A082AD2719BAAA6300F6C835 /* Base */ = {isa = PBXFileReference; lastKnownFileType = file.storyboard; name = Base; path = Base.lproj/Main.storyboard; sourceTree = "<group>"; };
		A082AD2919BAAA6300F6C835 /* Images.xcassets */ = {isa = PBXFileReference; lastKnownFileType = folder.assetcatalog; path = Images.xcassets; sourceTree = "<group>"; };
		A082AD2F19BAAA6300F6C835 /* mhacksTests.xctest */ = {isa = PBXFileReference; explicitFileType = wrapper.cfbundle; includeInIndex = 0; path = mhacksTests.xctest; sourceTree = BUILT_PRODUCTS_DIR; };
		A082AD3419BAAA6300F6C835 /* Info.plist */ = {isa = PBXFileReference; lastKnownFileType = text.plist.xml; path = Info.plist; sourceTree = "<group>"; };
		A082AD3519BAAA6300F6C835 /* mhacksTests.swift */ = {isa = PBXFileReference; lastKnownFileType = sourcecode.swift; path = mhacksTests.swift; sourceTree = "<group>"; };
		A082AD3F19BAAA9400F6C835 /* AudioToolbox.framework */ = {isa = PBXFileReference; lastKnownFileType = wrapper.framework; name = AudioToolbox.framework; path = System/Library/Frameworks/AudioToolbox.framework; sourceTree = SDKROOT; };
		A082AD4119BAAAAD00F6C835 /* CFNetwork.framework */ = {isa = PBXFileReference; lastKnownFileType = wrapper.framework; name = CFNetwork.framework; path = System/Library/Frameworks/CFNetwork.framework; sourceTree = SDKROOT; };
		A082AD4319BAAAB600F6C835 /* CoreGraphics.framework */ = {isa = PBXFileReference; lastKnownFileType = wrapper.framework; name = CoreGraphics.framework; path = System/Library/Frameworks/CoreGraphics.framework; sourceTree = SDKROOT; };
		A082AD4519BAAAD500F6C835 /* CoreLocation.framework */ = {isa = PBXFileReference; lastKnownFileType = wrapper.framework; name = CoreLocation.framework; path = System/Library/Frameworks/CoreLocation.framework; sourceTree = SDKROOT; };
		A082AD4719BAAAE100F6C835 /* libz.dylib */ = {isa = PBXFileReference; lastKnownFileType = "compiled.mach-o.dylib"; name = libz.dylib; path = usr/lib/libz.dylib; sourceTree = SDKROOT; };
		A082AD4919BAAAEC00F6C835 /* MobileCoreServices.framework */ = {isa = PBXFileReference; lastKnownFileType = wrapper.framework; name = MobileCoreServices.framework; path = System/Library/Frameworks/MobileCoreServices.framework; sourceTree = SDKROOT; };
		A082AD4B19BAAAF500F6C835 /* QuartzCore.framework */ = {isa = PBXFileReference; lastKnownFileType = wrapper.framework; name = QuartzCore.framework; path = System/Library/Frameworks/QuartzCore.framework; sourceTree = SDKROOT; };
		A082AD4D19BAAAFE00F6C835 /* Security.framework */ = {isa = PBXFileReference; lastKnownFileType = wrapper.framework; name = Security.framework; path = System/Library/Frameworks/Security.framework; sourceTree = SDKROOT; };
		A082AD4F19BAAB0900F6C835 /* StoreKit.framework */ = {isa = PBXFileReference; lastKnownFileType = wrapper.framework; name = StoreKit.framework; path = System/Library/Frameworks/StoreKit.framework; sourceTree = SDKROOT; };
		A082AD5119BAAB1300F6C835 /* SystemConfiguration.framework */ = {isa = PBXFileReference; lastKnownFileType = wrapper.framework; name = SystemConfiguration.framework; path = System/Library/Frameworks/SystemConfiguration.framework; sourceTree = SDKROOT; };
		A082AD5319BAAB8C00F6C835 /* ParseFacebookUtils.framework */ = {isa = PBXFileReference; lastKnownFileType = wrapper.framework; name = ParseFacebookUtils.framework; path = "../../parse-library-1.2.21/ParseFacebookUtils.framework"; sourceTree = "<group>"; };
		A082AD5419BAAB8C00F6C835 /* Parse.framework */ = {isa = PBXFileReference; lastKnownFileType = wrapper.framework; name = Parse.framework; path = "../../parse-library-1.2.21/Parse.framework"; sourceTree = "<group>"; };
		A082AD5519BAAB8C00F6C835 /* Bolts.framework */ = {isa = PBXFileReference; lastKnownFileType = wrapper.framework; name = Bolts.framework; path = "../../parse-library-1.2.21/Bolts.framework"; sourceTree = "<group>"; };
		A082AD9419BAB00300F6C835 /* mhacks-Bridging-Header.h */ = {isa = PBXFileReference; lastKnownFileType = sourcecode.c.h; path = "mhacks-Bridging-Header.h"; sourceTree = "<group>"; };
/* End PBXFileReference section */

/* Begin PBXFrameworksBuildPhase section */
		A082AD1A19BAAA6300F6C835 /* Frameworks */ = {
			isa = PBXFrameworksBuildPhase;
			buildActionMask = 2147483647;
			files = (
				A082AD5619BAAB8C00F6C835 /* ParseFacebookUtils.framework in Frameworks */,
				A082AD5719BAAB8C00F6C835 /* Parse.framework in Frameworks */,
				A082AD5819BAAB8C00F6C835 /* Bolts.framework in Frameworks */,
				A082AD5219BAAB1300F6C835 /* SystemConfiguration.framework in Frameworks */,
				A082AD5019BAAB0900F6C835 /* StoreKit.framework in Frameworks */,
				A082AD4E19BAAAFE00F6C835 /* Security.framework in Frameworks */,
				A082AD4C19BAAAF500F6C835 /* QuartzCore.framework in Frameworks */,
				A082AD4A19BAAAEC00F6C835 /* MobileCoreServices.framework in Frameworks */,
				A082AD4819BAAAE100F6C835 /* libz.dylib in Frameworks */,
				A082AD4619BAAAD500F6C835 /* CoreLocation.framework in Frameworks */,
				A082AD4419BAAAB600F6C835 /* CoreGraphics.framework in Frameworks */,
				A082AD4219BAAAAD00F6C835 /* CFNetwork.framework in Frameworks */,
				A082AD4019BAAA9400F6C835 /* AudioToolbox.framework in Frameworks */,
			);
			runOnlyForDeploymentPostprocessing = 0;
		};
		A082AD2C19BAAA6300F6C835 /* Frameworks */ = {
			isa = PBXFrameworksBuildPhase;
			buildActionMask = 2147483647;
			files = (
			);
			runOnlyForDeploymentPostprocessing = 0;
		};
/* End PBXFrameworksBuildPhase section */

/* Begin PBXGroup section */
		A082AD1419BAAA6200F6C835 = {
			isa = PBXGroup;
			children = (
				A082AD5319BAAB8C00F6C835 /* ParseFacebookUtils.framework */,
				A082AD5419BAAB8C00F6C835 /* Parse.framework */,
				A082AD5519BAAB8C00F6C835 /* Bolts.framework */,
				A082AD5119BAAB1300F6C835 /* SystemConfiguration.framework */,
				A082AD4F19BAAB0900F6C835 /* StoreKit.framework */,
				A082AD4D19BAAAFE00F6C835 /* Security.framework */,
				A082AD4B19BAAAF500F6C835 /* QuartzCore.framework */,
				A082AD4919BAAAEC00F6C835 /* MobileCoreServices.framework */,
				A082AD4719BAAAE100F6C835 /* libz.dylib */,
				A082AD4519BAAAD500F6C835 /* CoreLocation.framework */,
				A082AD4319BAAAB600F6C835 /* CoreGraphics.framework */,
				A082AD4119BAAAAD00F6C835 /* CFNetwork.framework */,
				A082AD3F19BAAA9400F6C835 /* AudioToolbox.framework */,
				A082AD1F19BAAA6300F6C835 /* mhacks */,
				A082AD3219BAAA6300F6C835 /* mhacksTests */,
				A082AD1E19BAAA6300F6C835 /* Products */,
				A082AD9419BAB00300F6C835 /* mhacks-Bridging-Header.h */,
			);
			sourceTree = "<group>";
		};
		A082AD1E19BAAA6300F6C835 /* Products */ = {
			isa = PBXGroup;
			children = (
				A082AD1D19BAAA6300F6C835 /* mhacks.app */,
				A082AD2F19BAAA6300F6C835 /* mhacksTests.xctest */,
			);
			name = Products;
			sourceTree = "<group>";
		};
		A082AD1F19BAAA6300F6C835 /* mhacks */ = {
			isa = PBXGroup;
			children = (
				A082AD2219BAAA6300F6C835 /* AppDelegate.swift */,
				A082AD2419BAAA6300F6C835 /* ViewController.swift */,
				A082AD2619BAAA6300F6C835 /* Main.storyboard */,
				A082AD2919BAAA6300F6C835 /* Images.xcassets */,
				A082AD2019BAAA6300F6C835 /* Supporting Files */,
			);
			path = mhacks;
			sourceTree = "<group>";
		};
		A082AD2019BAAA6300F6C835 /* Supporting Files */ = {
			isa = PBXGroup;
			children = (
				A082AD2119BAAA6300F6C835 /* Info.plist */,
			);
			name = "Supporting Files";
			sourceTree = "<group>";
		};
		A082AD3219BAAA6300F6C835 /* mhacksTests */ = {
			isa = PBXGroup;
			children = (
				A082AD3519BAAA6300F6C835 /* mhacksTests.swift */,
				A082AD3319BAAA6300F6C835 /* Supporting Files */,
			);
			path = mhacksTests;
			sourceTree = "<group>";
		};
		A082AD3319BAAA6300F6C835 /* Supporting Files */ = {
			isa = PBXGroup;
			children = (
				A082AD3419BAAA6300F6C835 /* Info.plist */,
			);
			name = "Supporting Files";
			sourceTree = "<group>";
		};
/* End PBXGroup section */

/* Begin PBXNativeTarget section */
		A082AD1C19BAAA6300F6C835 /* mhacks */ = {
			isa = PBXNativeTarget;
			buildConfigurationList = A082AD3919BAAA6300F6C835 /* Build configuration list for PBXNativeTarget "mhacks" */;
			buildPhases = (
				A082AD1919BAAA6300F6C835 /* Sources */,
				A082AD1A19BAAA6300F6C835 /* Frameworks */,
				A082AD1B19BAAA6300F6C835 /* Resources */,
			);
			buildRules = (
			);
			dependencies = (
			);
			name = mhacks;
			productName = mhacks;
			productReference = A082AD1D19BAAA6300F6C835 /* mhacks.app */;
			productType = "com.apple.product-type.application";
		};
		A082AD2E19BAAA6300F6C835 /* mhacksTests */ = {
			isa = PBXNativeTarget;
			buildConfigurationList = A082AD3C19BAAA6300F6C835 /* Build configuration list for PBXNativeTarget "mhacksTests" */;
			buildPhases = (
				A082AD2B19BAAA6300F6C835 /* Sources */,
				A082AD2C19BAAA6300F6C835 /* Frameworks */,
				A082AD2D19BAAA6300F6C835 /* Resources */,
			);
			buildRules = (
			);
			dependencies = (
				A082AD3119BAAA6300F6C835 /* PBXTargetDependency */,
			);
			name = mhacksTests;
			productName = mhacksTests;
			productReference = A082AD2F19BAAA6300F6C835 /* mhacksTests.xctest */;
			productType = "com.apple.product-type.bundle.unit-test";
		};
/* End PBXNativeTarget section */

/* Begin PBXProject section */
		A082AD1519BAAA6200F6C835 /* Project object */ = {
			isa = PBXProject;
			attributes = {
				LastUpgradeCheck = 0600;
				ORGANIZATIONNAME = "Luis Molina";
				TargetAttributes = {
					A082AD1C19BAAA6300F6C835 = {
						CreatedOnToolsVersion = 6.0;
					};
					A082AD2E19BAAA6300F6C835 = {
						CreatedOnToolsVersion = 6.0;
						TestTargetID = A082AD1C19BAAA6300F6C835;
					};
				};
			};
			buildConfigurationList = A082AD1819BAAA6200F6C835 /* Build configuration list for PBXProject "mhacks" */;
			compatibilityVersion = "Xcode 3.2";
			developmentRegion = English;
			hasScannedForEncodings = 0;
			knownRegions = (
				en,
				Base,
			);
			mainGroup = A082AD1419BAAA6200F6C835;
			productRefGroup = A082AD1E19BAAA6300F6C835 /* Products */;
			projectDirPath = "";
			projectRoot = "";
			targets = (
				A082AD1C19BAAA6300F6C835 /* mhacks */,
				A082AD2E19BAAA6300F6C835 /* mhacksTests */,
			);
		};
/* End PBXProject section */

/* Begin PBXResourcesBuildPhase section */
		A082AD1B19BAAA6300F6C835 /* Resources */ = {
			isa = PBXResourcesBuildPhase;
			buildActionMask = 2147483647;
			files = (
				A082AD2819BAAA6300F6C835 /* Main.storyboard in Resources */,
				A082AD2A19BAAA6300F6C835 /* Images.xcassets in Resources */,
			);
			runOnlyForDeploymentPostprocessing = 0;
		};
		A082AD2D19BAAA6300F6C835 /* Resources */ = {
			isa = PBXResourcesBuildPhase;
			buildActionMask = 2147483647;
			files = (
			);
			runOnlyForDeploymentPostprocessing = 0;
		};
/* End PBXResourcesBuildPhase section */

/* Begin PBXSourcesBuildPhase section */
		A082AD1919BAAA6300F6C835 /* Sources */ = {
			isa = PBXSourcesBuildPhase;
			buildActionMask = 2147483647;
			files = (
				A082AD2519BAAA6300F6C835 /* ViewController.swift in Sources */,
				A082AD2319BAAA6300F6C835 /* AppDelegate.swift in Sources */,
			);
			runOnlyForDeploymentPostprocessing = 0;
		};
		A082AD2B19BAAA6300F6C835 /* Sources */ = {
			isa = PBXSourcesBuildPhase;
			buildActionMask = 2147483647;
			files = (
				A082AD3619BAAA6300F6C835 /* mhacksTests.swift in Sources */,
			);
			runOnlyForDeploymentPostprocessing = 0;
		};
/* End PBXSourcesBuildPhase section */

/* Begin PBXTargetDependency section */
		A082AD3119BAAA6300F6C835 /* PBXTargetDependency */ = {
			isa = PBXTargetDependency;
			target = A082AD1C19BAAA6300F6C835 /* mhacks */;
			targetProxy = A082AD3019BAAA6300F6C835 /* PBXContainerItemProxy */;
		};
/* End PBXTargetDependency section */

/* Begin PBXVariantGroup section */
		A082AD2619BAAA6300F6C835 /* Main.storyboard */ = {
			isa = PBXVariantGroup;
			children = (
				A082AD2719BAAA6300F6C835 /* Base */,
			);
			name = Main.storyboard;
			sourceTree = "<group>";
		};
/* End PBXVariantGroup section */

/* Begin XCBuildConfiguration section */
		A082AD3719BAAA6300F6C835 /* Debug */ = {
			isa = XCBuildConfiguration;
			buildSettings = {
				ALWAYS_SEARCH_USER_PATHS = NO;
				CLANG_CXX_LANGUAGE_STANDARD = "gnu++0x";
				CLANG_CXX_LIBRARY = "libc++";
				CLANG_ENABLE_MODULES = YES;
				CLANG_ENABLE_OBJC_ARC = YES;
				CLANG_WARN_BOOL_CONVERSION = YES;
				CLANG_WARN_CONSTANT_CONVERSION = YES;
				CLANG_WARN_DIRECT_OBJC_ISA_USAGE = YES_ERROR;
				CLANG_WARN_EMPTY_BODY = YES;
				CLANG_WARN_ENUM_CONVERSION = YES;
				CLANG_WARN_INT_CONVERSION = YES;
				CLANG_WARN_OBJC_ROOT_CLASS = YES_ERROR;
				CLANG_WARN_UNREACHABLE_CODE = YES;
				CLANG_WARN__DUPLICATE_METHOD_MATCH = YES;
				"CODE_SIGN_IDENTITY[sdk=iphoneos*]" = "iPhone Developer";
				COPY_PHASE_STRIP = NO;
				ENABLE_STRICT_OBJC_MSGSEND = YES;
				GCC_C_LANGUAGE_STANDARD = gnu99;
				GCC_DYNAMIC_NO_PIC = NO;
				GCC_OPTIMIZATION_LEVEL = 0;
				GCC_PREPROCESSOR_DEFINITIONS = (
					"DEBUG=1",
					"$(inherited)",
				);
				GCC_SYMBOLS_PRIVATE_EXTERN = NO;
				GCC_WARN_64_TO_32_BIT_CONVERSION = YES;
				GCC_WARN_ABOUT_RETURN_TYPE = YES_ERROR;
				GCC_WARN_UNDECLARED_SELECTOR = YES;
				GCC_WARN_UNINITIALIZED_AUTOS = YES_AGGRESSIVE;
				GCC_WARN_UNUSED_FUNCTION = YES;
				GCC_WARN_UNUSED_VARIABLE = YES;
				IPHONEOS_DEPLOYMENT_TARGET = 8.0;
				MTL_ENABLE_DEBUG_INFO = YES;
				ONLY_ACTIVE_ARCH = YES;
				SDKROOT = iphoneos;
				SWIFT_OPTIMIZATION_LEVEL = "-Onone";
			};
			name = Debug;
		};
		A082AD3819BAAA6300F6C835 /* Release */ = {
			isa = XCBuildConfiguration;
			buildSettings = {
				ALWAYS_SEARCH_USER_PATHS = NO;
				CLANG_CXX_LANGUAGE_STANDARD = "gnu++0x";
				CLANG_CXX_LIBRARY = "libc++";
				CLANG_ENABLE_MODULES = YES;
				CLANG_ENABLE_OBJC_ARC = YES;
				CLANG_WARN_BOOL_CONVERSION = YES;
				CLANG_WARN_CONSTANT_CONVERSION = YES;
				CLANG_WARN_DIRECT_OBJC_ISA_USAGE = YES_ERROR;
				CLANG_WARN_EMPTY_BODY = YES;
				CLANG_WARN_ENUM_CONVERSION = YES;
				CLANG_WARN_INT_CONVERSION = YES;
				CLANG_WARN_OBJC_ROOT_CLASS = YES_ERROR;
				CLANG_WARN_UNREACHABLE_CODE = YES;
				CLANG_WARN__DUPLICATE_METHOD_MATCH = YES;
				"CODE_SIGN_IDENTITY[sdk=iphoneos*]" = "iPhone Developer";
				COPY_PHASE_STRIP = YES;
				ENABLE_NS_ASSERTIONS = NO;
				ENABLE_STRICT_OBJC_MSGSEND = YES;
				GCC_C_LANGUAGE_STANDARD = gnu99;
				GCC_WARN_64_TO_32_BIT_CONVERSION = YES;
				GCC_WARN_ABOUT_RETURN_TYPE = YES_ERROR;
				GCC_WARN_UNDECLARED_SELECTOR = YES;
				GCC_WARN_UNINITIALIZED_AUTOS = YES_AGGRESSIVE;
				GCC_WARN_UNUSED_FUNCTION = YES;
				GCC_WARN_UNUSED_VARIABLE = YES;
				IPHONEOS_DEPLOYMENT_TARGET = 8.0;
				MTL_ENABLE_DEBUG_INFO = NO;
				SDKROOT = iphoneos;
				VALIDATE_PRODUCT = YES;
			};
			name = Release;
		};
		A082AD3A19BAAA6300F6C835 /* Debug */ = {
			isa = XCBuildConfiguration;
			buildSettings = {
				ASSETCATALOG_COMPILER_APPICON_NAME = AppIcon;
				ASSETCATALOG_COMPILER_LAUNCHIMAGE_NAME = LaunchImage;
				CLANG_ENABLE_MODULES = YES;
				FRAMEWORK_SEARCH_PATHS = (
					"$(inherited)",
					"/Users/luis/dev/parse-library-1.2.21",
				);
				INFOPLIST_FILE = mhacks/Info.plist;
				LD_RUNPATH_SEARCH_PATHS = "$(inherited) @executable_path/Frameworks";
				PRODUCT_NAME = "$(TARGET_NAME)";
				SWIFT_OBJC_BRIDGING_HEADER = "mhacks-Bridging-Header.h";
				SWIFT_OPTIMIZATION_LEVEL = "-Onone";
			};
			name = Debug;
		};
		A082AD3B19BAAA6300F6C835 /* Release */ = {
			isa = XCBuildConfiguration;
			buildSettings = {
				ASSETCATALOG_COMPILER_APPICON_NAME = AppIcon;
				ASSETCATALOG_COMPILER_LAUNCHIMAGE_NAME = LaunchImage;
				CLANG_ENABLE_MODULES = YES;
				FRAMEWORK_SEARCH_PATHS = (
					"$(inherited)",
					"/Users/luis/dev/parse-library-1.2.21",
				);
				INFOPLIST_FILE = mhacks/Info.plist;
				LD_RUNPATH_SEARCH_PATHS = "$(inherited) @executable_path/Frameworks";
				PRODUCT_NAME = "$(TARGET_NAME)";
				SWIFT_OBJC_BRIDGING_HEADER = "mhacks-Bridging-Header.h";
			};
			name = Release;
		};
		A082AD3D19BAAA6300F6C835 /* Debug */ = {
			isa = XCBuildConfiguration;
			buildSettings = {
				BUNDLE_LOADER = "$(TEST_HOST)";
				FRAMEWORK_SEARCH_PATHS = (
					"$(SDKROOT)/Developer/Library/Frameworks",
					"$(inherited)",
				);
				GCC_PREPROCESSOR_DEFINITIONS = (
					"DEBUG=1",
					"$(inherited)",
				);
				INFOPLIST_FILE = mhacksTests/Info.plist;
				LD_RUNPATH_SEARCH_PATHS = "$(inherited) @executable_path/Frameworks @loader_path/Frameworks";
				PRODUCT_NAME = "$(TARGET_NAME)";
				TEST_HOST = "$(BUILT_PRODUCTS_DIR)/mhacks.app/mhacks";
			};
			name = Debug;
		};
		A082AD3E19BAAA6300F6C835 /* Release */ = {
			isa = XCBuildConfiguration;
			buildSettings = {
				BUNDLE_LOADER = "$(TEST_HOST)";
				FRAMEWORK_SEARCH_PATHS = (
					"$(SDKROOT)/Developer/Library/Frameworks",
					"$(inherited)",
				);
				INFOPLIST_FILE = mhacksTests/Info.plist;
				LD_RUNPATH_SEARCH_PATHS = "$(inherited) @executable_path/Frameworks @loader_path/Frameworks";
				PRODUCT_NAME = "$(TARGET_NAME)";
				TEST_HOST = "$(BUILT_PRODUCTS_DIR)/mhacks.app/mhacks";
			};
			name = Release;
		};
/* End XCBuildConfiguration section */

/* Begin XCConfigurationList section */
		A082AD1819BAAA6200F6C835 /* Build configuration list for PBXProject "mhacks" */ = {
			isa = XCConfigurationList;
			buildConfigurations = (
				A082AD3719BAAA6300F6C835 /* Debug */,
				A082AD3819BAAA6300F6C835 /* Release */,
			);
			defaultConfigurationIsVisible = 0;
			defaultConfigurationName = Release;
		};
		A082AD3919BAAA6300F6C835 /* Build configuration list for PBXNativeTarget "mhacks" */ = {
			isa = XCConfigurationList;
			buildConfigurations = (
				A082AD3A19BAAA6300F6C835 /* Debug */,
				A082AD3B19BAAA6300F6C835 /* Release */,
			);
			defaultConfigurationIsVisible = 0;
		};
		A082AD3C19BAAA6300F6C835 /* Build configuration list for PBXNativeTarget "mhacksTests" */ = {
			isa = XCConfigurationList;
			buildConfigurations = (
				A082AD3D19BAAA6300F6C835 /* Debug */,
				A082AD3E19BAAA6300F6C835 /* Release */,
			);
			defaultConfigurationIsVisible = 0;
		};
/* End XCConfigurationList section */
	};
	rootObject = A082AD1519BAAA6200F6C835 /* Project object */;
}
